{
  "name": "e-cleaning",
  "lockfileVersion": 3,
  "requires": true,
  "packages": {
    "": {
      "dependencies": {
        "@react-native-community/slider": "^4.5.7"
      }
    },
    "node_modules/@react-native-community/slider": {
      "version": "4.5.7",
      "resolved": "https://registry.npmjs.org/@react-native-community/slider/-/slider-4.5.7.tgz",
      "integrity": "sha512-WMDDZjNF2Bd8M8TrSqKf5xhM9ikdfCHtSPur64Ow3bB/OVrKufUQZ59NmYdNZNeGPvcHHTsafuYTY8zfZfbchQ==",
      "license": "MIT"
    }
  }
}
